
Microsoft Visual Studio Solution File, Format Version 12.00
# Visual Studio Version 17
VisualStudioVersion = 17.0.32014.148
MinimumVisualStudioVersion = 10.0.40219.1
Project("{9A19103F-16F7-4668-BE54-9A1E7A4F7556}") = "SRI.Core", "ScalableRelativeImage\SRI.Core.csproj", "{A7E9A0CF-153A-48AD-990A-FAD82FBC189F}"
EndProject
Project("{9A19103F-16F7-4668-BE54-9A1E7A4F7556}") = "ScalableRelativeImage.TestApp", "ScalableRelativeImage.TestApp\ScalableRelativeImage.TestApp.csproj", "{3D7DEDD7-1C0B-4C88-873A-DBD2D485C97A}"
EndProject
Project("{9A19103F-16F7-4668-BE54-9A1E7A4F7556}") = "ScalableRelativeImage.CLI", "ScalableRelativeImage.CLI\ScalableRelativeImage.CLI.csproj", "{A4A36F51-662C-46E1-9CC8-F881171BD124}"
EndProject
Project("{9A19103F-16F7-4668-BE54-9A1E7A4F7556}") = "ScalableRelativeImage.AvaloniaGUI", "ScalableRelativeImage.AvaloniaGUI\ScalableRelativeImage.AvaloniaGUI.csproj", "{A3BB7260-BA16-4BC0-A800-A7475A699533}"
EndProject
Project("{9A19103F-16F7-4668-BE54-9A1E7A4F7556}") = "SRI.Editor.Core", "SRI.Editor.Core\SRI.Editor.Core.csproj", "{EFE024C7-2E15-408D-A558-031202FCEF84}"
EndProject
Project("{9A19103F-16F7-4668-BE54-9A1E7A4F7556}") = "SRI.Editor.Main", "SRI.Editor.Main\SRI.Editor.Main.csproj", "{B9333A3E-060B-424E-A259-A52C0F5BCA22}"
EndProject
Project("{9A19103F-16F7-4668-BE54-9A1E7A4F7556}") = "SRI.Editor.Styles", "SRI.Editor.Styles\SRI.Editor.Styles.csproj", "{4FA82415-9F8D-4E6D-B171-EC0FA9FFCB14}"
EndProject
Project("{9A19103F-16F7-4668-BE54-9A1E7A4F7556}") = "SRI.Editor.Extension", "SRI.Editor.Extension\SRI.Editor.Extension.csproj", "{C5CDF79D-86A8-4E78-8F3D-10A2042842AF}"
EndProject
Project("{9A19103F-16F7-4668-BE54-9A1E7A4F7556}") = "SRI.CLI", "SRI.CLI\SRI.CLI.csproj", "{2A2D3643-F399-4E58-AB2F-55CE73387CD4}"
EndProject
Project("{9A19103F-16F7-4668-BE54-9A1E7A4F7556}") = "SRI.Localization", "SRI.Localization\SRI.Localization.csproj", "{1108B2D6-B99B-44F0-841B-9057C1CBFF4B}"
EndProject
Global
	GlobalSection(SolutionConfigurationPlatforms) = preSolution
		Debug|Any CPU = Debug|Any CPU
		Release|Any CPU = Release|Any CPU
	EndGlobalSection
	GlobalSection(ProjectConfigurationPlatforms) = postSolution
		{A7E9A0CF-153A-48AD-990A-FAD82FBC189F}.Debug|Any CPU.ActiveCfg = Debug|Any CPU
		{A7E9A0CF-153A-48AD-990A-FAD82FBC189F}.Debug|Any CPU.Build.0 = Debug|Any CPU
		{A7E9A0CF-153A-48AD-990A-FAD82FBC189F}.Release|Any CPU.ActiveCfg = Release|Any CPU
		{A7E9A0CF-153A-48AD-990A-FAD82FBC189F}.Release|Any CPU.Build.0 = Release|Any CPU
		{3D7DEDD7-1C0B-4C88-873A-DBD2D485C97A}.Debug|Any CPU.ActiveCfg = Debug|Any CPU
		{3D7DEDD7-1C0B-4C88-873A-DBD2D485C97A}.Debug|Any CPU.Build.0 = Debug|Any CPU
		{3D7DEDD7-1C0B-4C88-873A-DBD2D485C97A}.Release|Any CPU.ActiveCfg = Release|Any CPU
		{3D7DEDD7-1C0B-4C88-873A-DBD2D485C97A}.Release|Any CPU.Build.0 = Release|Any CPU
		{A4A36F51-662C-46E1-9CC8-F881171BD124}.Debug|Any CPU.ActiveCfg = Debug|Any CPU
		{A4A36F51-662C-46E1-9CC8-F881171BD124}.Debug|Any CPU.Build.0 = Debug|Any CPU
		{A4A36F51-662C-46E1-9CC8-F881171BD124}.Release|Any CPU.ActiveCfg = Release|Any CPU
		{A4A36F51-662C-46E1-9CC8-F881171BD124}.Release|Any CPU.Build.0 = Release|Any CPU
		{A3BB7260-BA16-4BC0-A800-A7475A699533}.Debug|Any CPU.ActiveCfg = Debug|Any CPU
		{A3BB7260-BA16-4BC0-A800-A7475A699533}.Debug|Any CPU.Build.0 = Debug|Any CPU
		{A3BB7260-BA16-4BC0-A800-A7475A699533}.Release|Any CPU.ActiveCfg = Release|Any CPU
		{A3BB7260-BA16-4BC0-A800-A7475A699533}.Release|Any CPU.Build.0 = Release|Any CPU
		{EFE024C7-2E15-408D-A558-031202FCEF84}.Debug|Any CPU.ActiveCfg = Debug|Any CPU
		{EFE024C7-2E15-408D-A558-031202FCEF84}.Debug|Any CPU.Build.0 = Debug|Any CPU
		{EFE024C7-2E15-408D-A558-031202FCEF84}.Release|Any CPU.ActiveCfg = Release|Any CPU
		{EFE024C7-2E15-408D-A558-031202FCEF84}.Release|Any CPU.Build.0 = Release|Any CPU
		{B9333A3E-060B-424E-A259-A52C0F5BCA22}.Debug|Any CPU.ActiveCfg = Debug|Any CPU
		{B9333A3E-060B-424E-A259-A52C0F5BCA22}.Debug|Any CPU.Build.0 = Debug|Any CPU
		{B9333A3E-060B-424E-A259-A52C0F5BCA22}.Release|Any CPU.ActiveCfg = Release|Any CPU
		{B9333A3E-060B-424E-A259-A52C0F5BCA22}.Release|Any CPU.Build.0 = Release|Any CPU
		{4FA82415-9F8D-4E6D-B171-EC0FA9FFCB14}.Debug|Any CPU.ActiveCfg = Debug|Any CPU
		{4FA82415-9F8D-4E6D-B171-EC0FA9FFCB14}.Debug|Any CPU.Build.0 = Debug|Any CPU
		{4FA82415-9F8D-4E6D-B171-EC0FA9FFCB14}.Release|Any CPU.ActiveCfg = Release|Any CPU
		{4FA82415-9F8D-4E6D-B171-EC0FA9FFCB14}.Release|Any CPU.Build.0 = Release|Any CPU
		{C5CDF79D-86A8-4E78-8F3D-10A2042842AF}.Debug|Any CPU.ActiveCfg = Debug|Any CPU
		{C5CDF79D-86A8-4E78-8F3D-10A2042842AF}.Debug|Any CPU.Build.0 = Debug|Any CPU
		{C5CDF79D-86A8-4E78-8F3D-10A2042842AF}.Release|Any CPU.ActiveCfg = Release|Any CPU
		{C5CDF79D-86A8-4E78-8F3D-10A2042842AF}.Release|Any CPU.Build.0 = Release|Any CPU
		{2A2D3643-F399-4E58-AB2F-55CE73387CD4}.Debug|Any CPU.ActiveCfg = Debug|Any CPU
		{2A2D3643-F399-4E58-AB2F-55CE73387CD4}.Debug|Any CPU.Build.0 = Debug|Any CPU
		{2A2D3643-F399-4E58-AB2F-55CE73387CD4}.Release|Any CPU.ActiveCfg = Release|Any CPU
		{2A2D3643-F399-4E58-AB2F-55CE73387CD4}.Release|Any CPU.Build.0 = Release|Any CPU
		{1108B2D6-B99B-44F0-841B-9057C1CBFF4B}.Debug|Any CPU.ActiveCfg = Debug|Any CPU
		{1108B2D6-B99B-44F0-841B-9057C1CBFF4B}.Debug|Any CPU.Build.0 = Debug|Any CPU
		{1108B2D6-B99B-44F0-841B-9057C1CBFF4B}.Release|Any CPU.ActiveCfg = Release|Any CPU
		{1108B2D6-B99B-44F0-841B-9057C1CBFF4B}.Release|Any CPU.Build.0 = Release|Any CPU
	EndGlobalSection
	GlobalSection(SolutionProperties) = preSolution
		HideSolutionNode = FALSE
	EndGlobalSection
	GlobalSection(ExtensibilityGlobals) = postSolution
		SolutionGuid = {64A5977E-A808-47EC-8DFE-270BF255CAB4}
	EndGlobalSection
EndGlobal
