
Microsoft Visual Studio Solution File, Format Version 12.00
# Visual Studio Version 16
VisualStudioVersion = 16.0.31004.235
MinimumVisualStudioVersion = 10.0.40219.1
Project("{9A19103F-16F7-4668-BE54-9A1E7A4F7556}") = "ScalableRelativeImage", "ScalableRelativeImage\ScalableRelativeImage.csproj", "{A7E9A0CF-153A-48AD-990A-FAD82FBC189F}"
EndProject
Project("{9A19103F-16F7-4668-BE54-9A1E7A4F7556}") = "ScalableRelativeImage.TestApp", "ScalableRelativeImage.TestApp\ScalableRelativeImage.TestApp.csproj", "{3D7DEDD7-1C0B-4C88-873A-DBD2D485C97A}"
EndProject
Project("{FAE04EC0-301F-11D3-BF4B-00C04F79EFBC}") = "ScalableRelativeImage.CLI", "ScalableRelativeImage.CLI\ScalableRelativeImage.CLI.csproj", "{A4A36F51-662C-46E1-9CC8-F881171BD124}"
EndProject
Global
	GlobalSection(SolutionConfigurationPlatforms) = preSolution
		Debug|Any CPU = Debug|Any CPU
		Release|Any CPU = Release|Any CPU
	EndGlobalSection
	GlobalSection(ProjectConfigurationPlatforms) = postSolution
		{A7E9A0CF-153A-48AD-990A-FAD82FBC189F}.Debug|Any CPU.ActiveCfg = Debug|Any CPU
		{A7E9A0CF-153A-48AD-990A-FAD82FBC189F}.Debug|Any CPU.Build.0 = Debug|Any CPU
		{A7E9A0CF-153A-48AD-990A-FAD82FBC189F}.Release|Any CPU.ActiveCfg = Release|Any CPU
		{A7E9A0CF-153A-48AD-990A-FAD82FBC189F}.Release|Any CPU.Build.0 = Release|Any CPU
		{3D7DEDD7-1C0B-4C88-873A-DBD2D485C97A}.Debug|Any CPU.ActiveCfg = Debug|Any CPU
		{3D7DEDD7-1C0B-4C88-873A-DBD2D485C97A}.Debug|Any CPU.Build.0 = Debug|Any CPU
		{3D7DEDD7-1C0B-4C88-873A-DBD2D485C97A}.Release|Any CPU.ActiveCfg = Release|Any CPU
		{3D7DEDD7-1C0B-4C88-873A-DBD2D485C97A}.Release|Any CPU.Build.0 = Release|Any CPU
		{A4A36F51-662C-46E1-9CC8-F881171BD124}.Debug|Any CPU.ActiveCfg = Debug|Any CPU
		{A4A36F51-662C-46E1-9CC8-F881171BD124}.Debug|Any CPU.Build.0 = Debug|Any CPU
		{A4A36F51-662C-46E1-9CC8-F881171BD124}.Release|Any CPU.ActiveCfg = Release|Any CPU
		{A4A36F51-662C-46E1-9CC8-F881171BD124}.Release|Any CPU.Build.0 = Release|Any CPU
	EndGlobalSection
	GlobalSection(SolutionProperties) = preSolution
		HideSolutionNode = FALSE
	EndGlobalSection
	GlobalSection(ExtensibilityGlobals) = postSolution
		SolutionGuid = {64A5977E-A808-47EC-8DFE-270BF255CAB4}
	EndGlobalSection
EndGlobal
